
Microsoft Visual Studio Solution File, Format Version 12.00
# Visual Studio Version 17
VisualStudioVersion = 17.5.002.0
MinimumVisualStudioVersion = 10.0.40219.1
Project("{9A19103F-16F7-4668-BE54-9A1E7A4F7556}") = "Octonica.ClickHouseClient", "Octonica.ClickHouseClient.csproj", "{CCF31A8F-29D3-496D-B943-7941FCF3D608}"
EndProject
Global
	GlobalSection(SolutionConfigurationPlatforms) = preSolution
		Debug|Any CPU = Debug|Any CPU
		Release|Any CPU = Release|Any CPU
	EndGlobalSection
	GlobalSection(ProjectConfigurationPlatforms) = postSolution
		{CCF31A8F-29D3-496D-B943-7941FCF3D608}.Debug|Any CPU.ActiveCfg = Debug|Any CPU
		{CCF31A8F-29D3-496D-B943-7941FCF3D608}.Debug|Any CPU.Build.0 = Debug|Any CPU
		{CCF31A8F-29D3-496D-B943-7941FCF3D608}.Release|Any CPU.ActiveCfg = Release|Any CPU
		{CCF31A8F-29D3-496D-B943-7941FCF3D608}.Release|Any CPU.Build.0 = Release|Any CPU
	EndGlobalSection
	GlobalSection(SolutionProperties) = preSolution
		HideSolutionNode = FALSE
	EndGlobalSection
	GlobalSection(ExtensibilityGlobals) = postSolution
		SolutionGuid = {32491829-5C95-4CF0-995F-47BBE8051DE4}
	EndGlobalSection
EndGlobal
